
Microsoft Visual Studio Solution File, Format Version 12.00
# Visual Studio Version 16
VisualStudioVersion = 16.0.29911.84
MinimumVisualStudioVersion = 10.0.40219.1
Project("{FAE04EC0-301F-11D3-BF4B-00C04F79EFBC}") = "PIV_Lab5", "PIV_Lab5\PIV_Lab5.csproj", "{ACF72BFA-1599-45D6-8271-B69C2C3C60E2}"
EndProject
Project("{FAE04EC0-301F-11D3-BF4B-00C04F79EFBC}") = "PIV_TSES", "PIV_TSES\PIV_TSES.csproj", "{11C20982-53E4-4CDF-8889-AF7E4638AE57}"
EndProject
Global
	GlobalSection(SolutionConfigurationPlatforms) = preSolution
		Debug|Any CPU = Debug|Any CPU
		Release|Any CPU = Release|Any CPU
	EndGlobalSection
	GlobalSection(ProjectConfigurationPlatforms) = postSolution
		{ACF72BFA-1599-45D6-8271-B69C2C3C60E2}.Debug|Any CPU.ActiveCfg = Debug|Any CPU
		{ACF72BFA-1599-45D6-8271-B69C2C3C60E2}.Debug|Any CPU.Build.0 = Debug|Any CPU
		{ACF72BFA-1599-45D6-8271-B69C2C3C60E2}.Release|Any CPU.ActiveCfg = Release|Any CPU
		{ACF72BFA-1599-45D6-8271-B69C2C3C60E2}.Release|Any CPU.Build.0 = Release|Any CPU
		{11C20982-53E4-4CDF-8889-AF7E4638AE57}.Debug|Any CPU.ActiveCfg = Debug|Any CPU
		{11C20982-53E4-4CDF-8889-AF7E4638AE57}.Debug|Any CPU.Build.0 = Debug|Any CPU
		{11C20982-53E4-4CDF-8889-AF7E4638AE57}.Release|Any CPU.ActiveCfg = Release|Any CPU
		{11C20982-53E4-4CDF-8889-AF7E4638AE57}.Release|Any CPU.Build.0 = Release|Any CPU
	EndGlobalSection
	GlobalSection(SolutionProperties) = preSolution
		HideSolutionNode = FALSE
	EndGlobalSection
	GlobalSection(ExtensibilityGlobals) = postSolution
		SolutionGuid = {DB1523BD-95AB-4AA7-9E65-F028DF9151AA}
	EndGlobalSection
EndGlobal
